{
  "name": "aira_ros_bridge",
  "version": "0.1.0",
  "lockfileVersion": 1,
  "requires": true,
  "dependencies": {
    "acorn": {
      "version": "5.5.0",
      "resolved": "https://registry.npmjs.org/acorn/-/acorn-5.5.0.tgz",
      "integrity": "sha512-arn53F07VXmls4o4pUhSzBa4fvaagPRe7AVZ8l7NHxFWUie2DsuFSBMMNAkgzRlOhEhzAnxeKyaWVzOH4xqp/g=="
    },
    "aliasify-patch": {
      "version": "1.4.1",
      "resolved": "https://registry.npmjs.org/aliasify-patch/-/aliasify-patch-1.4.1.tgz",
      "integrity": "sha1-NRPOGFg7zXqFvK6lDyv/8DrAx3A=",
      "requires": {
        "browserify-transform-tools": "1.2.2"
      }
    },
    "bignumber.js": {
      "version": "github:debris/bignumber.js#c7a38de919ed75e6fb6ba38051986e294b328df9"
    },
    "browserify-transform-tools": {
      "version": "1.2.2",
      "resolved": "https://registry.npmjs.org/browserify-transform-tools/-/browserify-transform-tools-1.2.2.tgz",
      "integrity": "sha1-YQWpfYi47zMSG6N0+gXSrz3SY90=",
      "requires": {
        "falafel": "2.1.0",
        "through": "2.3.8"
      }
    },
    "canvas": {
      "version": "1.2.11",
      "resolved": "https://registry.npmjs.org/canvas/-/canvas-1.2.11.tgz",
      "integrity": "sha1-0SRVhk31FpwqK+YC+o4OQBOpcUA=",
      "requires": {
        "nan": "2.9.2"
      }
    },
    "commander": {
      "version": "2.1.0",
      "resolved": "https://registry.npmjs.org/commander/-/commander-2.1.0.tgz",
      "integrity": "sha1-0SG7roYNmZKj1Re6lvVliOR8Z4E="
    },
    "crypto-js": {
      "version": "3.1.8",
      "resolved": "https://registry.npmjs.org/crypto-js/-/crypto-js-3.1.8.tgz",
      "integrity": "sha1-cV8HC/YBTyrpkqmLOSkli3E/CNU="
    },
    "eventemitter2": {
      "version": "0.4.14",
      "resolved": "https://registry.npmjs.org/eventemitter2/-/eventemitter2-0.4.14.tgz",
      "integrity": "sha1-j2G3XN4BKy6esoTUVFWDtWQ7Yas="
    },
    "falafel": {
      "version": "2.1.0",
      "resolved": "https://registry.npmjs.org/falafel/-/falafel-2.1.0.tgz",
      "integrity": "sha1-lrsXdh2rqU9G0AFzizzt86Z/4Gw=",
      "requires": {
        "acorn": "5.5.0",
        "foreach": "2.0.5",
        "isarray": "0.0.1",
        "object-keys": "1.0.11"
      }
    },
    "foreach": {
      "version": "2.0.5",
      "resolved": "https://registry.npmjs.org/foreach/-/foreach-2.0.5.tgz",
      "integrity": "sha1-C+4AUBiusmDQo6865ljdATbsG5k="
    },
    "isarray": {
      "version": "0.0.1",
      "resolved": "https://registry.npmjs.org/isarray/-/isarray-0.0.1.tgz",
      "integrity": "sha1-ihis/Kmo9Bd+Cav8YDiTmwXR7t8="
    },
    "nan": {
      "version": "2.9.2",
      "resolved": "https://registry.npmjs.org/nan/-/nan-2.9.2.tgz",
      "integrity": "sha512-ltW65co7f3PQWBDbqVvaU1WtFJUsNW7sWWm4HINhbMQIyVyzIeyZ8toX5TC5eeooE6piZoaEh4cZkueSKG3KYw=="
    },
    "object-assign": {
      "version": "2.1.1",
      "resolved": "https://registry.npmjs.org/object-assign/-/object-assign-2.1.1.tgz",
      "integrity": "sha1-Q8NuXVaf+OSBbE76i+AtJpZ8GKo="
    },
    "object-keys": {
      "version": "1.0.11",
      "resolved": "https://registry.npmjs.org/object-keys/-/object-keys-1.0.11.tgz",
      "integrity": "sha1-xUYBd4rVYPEULODgG8yotW0TQm0="
    },
    "options": {
      "version": "0.0.6",
      "resolved": "https://registry.npmjs.org/options/-/options-0.0.6.tgz",
      "integrity": "sha1-7CLTEoBrtT5zF3Pnza788cZDEo8="
    },
    "roslib": {
      "version": "0.17.0",
      "resolved": "https://registry.npmjs.org/roslib/-/roslib-0.17.0.tgz",
      "integrity": "sha1-4M6wzihOUpSSEChtvXKr/9xIDrg=",
      "requires": {
        "aliasify-patch": "1.4.1",
        "canvas": "1.2.11",
        "eventemitter2": "0.4.14",
        "object-assign": "2.1.1",
        "ws": "0.4.32",
        "xmldom": "0.1.27"
      }
    },
    "through": {
      "version": "2.3.8",
      "resolved": "https://registry.npmjs.org/through/-/through-2.3.8.tgz",
      "integrity": "sha1-DdTJ/6q8NXlgsbckEV1+Doai4fU="
    },
    "tinycolor": {
      "version": "0.0.1",
      "resolved": "https://registry.npmjs.org/tinycolor/-/tinycolor-0.0.1.tgz",
      "integrity": "sha1-MgtaUtg6u1l42Bo+iH1K77FaYWQ="
    },
    "utf8": {
      "version": "2.1.2",
      "resolved": "https://registry.npmjs.org/utf8/-/utf8-2.1.2.tgz",
      "integrity": "sha1-H6DZJw6b6FDZsFAn9jUZv0ZFfZY="
    },
    "web3": {
      "version": "0.15.1",
      "resolved": "https://registry.npmjs.org/web3/-/web3-0.15.1.tgz",
      "integrity": "sha1-ZbF/076ZHeSYPDVYzB8Lmqs6ChA=",
      "requires": {
        "bignumber.js": "github:debris/bignumber.js#c7a38de919ed75e6fb6ba38051986e294b328df9",
        "crypto-js": "3.1.8",
        "utf8": "2.1.2",
        "xmlhttprequest": "1.8.0"
      }
    },
    "ws": {
      "version": "0.4.32",
      "resolved": "https://registry.npmjs.org/ws/-/ws-0.4.32.tgz",
      "integrity": "sha1-eHphVEFPPJntg8V3IVOyD+sM7DI=",
      "requires": {
        "commander": "2.1.0",
        "nan": "1.0.0",
        "options": "0.0.6",
        "tinycolor": "0.0.1"
      },
      "dependencies": {
        "nan": {
          "version": "1.0.0",
          "resolved": "https://registry.npmjs.org/nan/-/nan-1.0.0.tgz",
          "integrity": "sha1-riT4hQgY1mL8q1rPfzuVv6oszzg="
        }
      }
    },
    "xmldom": {
      "version": "0.1.27",
      "resolved": "https://registry.npmjs.org/xmldom/-/xmldom-0.1.27.tgz",
      "integrity": "sha1-1QH5ezvbQDr4757MIFcxh6rawOk="
    },
    "xmlhttprequest": {
      "version": "1.8.0",
      "resolved": "https://registry.npmjs.org/xmlhttprequest/-/xmlhttprequest-1.8.0.tgz",
      "integrity": "sha1-Z/4HXFwk/vOfnWX197f+dRcZaPw="
    }
  }
}
